
Microsoft Visual Studio Solution File, Format Version 12.00
# Visual Studio Version 17
VisualStudioVersion = 17.0.31912.275
MinimumVisualStudioVersion = 10.0.40219.1
Project("{9A19103F-16F7-4668-BE54-9A1E7A4F7556}") = "StratmanMedia.Repositories.EFCore", "StratmanMedia.Repositories.EFCore\StratmanMedia.Repositories.EFCore.csproj", "{DA3C1E1A-2B9F-48F4-97D5-2B8F648F1203}"
EndProject
Project("{2150E333-8FDC-42A3-9474-1A3956D46DE8}") = "Logging", "Logging", "{EE709442-E77A-4C84-8CBA-522E04BECE53}"
EndProject
Project("{9A19103F-16F7-4668-BE54-9A1E7A4F7556}") = "StratmanMedia.Logging", "StratmanMedia.Logging\StratmanMedia.Logging.csproj", "{D33EBAD3-06A7-4B7E-B58A-B92170D3E7D0}"
EndProject
Project("{2150E333-8FDC-42A3-9474-1A3956D46DE8}") = "Tests", "Tests", "{F854C96A-B085-48B8-8FE1-45ACB149FEB4}"
EndProject
Project("{2150E333-8FDC-42A3-9474-1A3956D46DE8}") = "Repositories", "Repositories", "{D9FCAEFD-37CF-4F55-8813-C6A77F5A296E}"
EndProject
Project("{2150E333-8FDC-42A3-9474-1A3956D46DE8}") = "WebServices", "WebServices", "{208556C5-9AEF-462F-BDD6-ABB8228CB6CF}"
EndProject
Project("{9A19103F-16F7-4668-BE54-9A1E7A4F7556}") = "StratmanMedia.WebServices", "StratmanMedia.WebServices\StratmanMedia.WebServices.csproj", "{62A81DAE-EC82-4658-A0DE-2B28A868D94D}"
EndProject
Project("{2150E333-8FDC-42A3-9474-1A3956D46DE8}") = "Auth", "Auth", "{83561D53-FAA7-4DA0-B602-4F821474C019}"
EndProject
Project("{9A19103F-16F7-4668-BE54-9A1E7A4F7556}") = "StratmanMedia.Auth", "StratmanMedia.Auth\StratmanMedia.Auth.csproj", "{7A85C1E6-CACC-4328-A14A-DB41A967931D}"
EndProject
Project("{2150E333-8FDC-42A3-9474-1A3956D46DE8}") = "Utilities", "Utilities", "{5BC3FB45-04D6-4F7B-A488-543F1000021B}"
EndProject
Project("{9A19103F-16F7-4668-BE54-9A1E7A4F7556}") = "StratmanMedia.Utilities", "StratmanMedia.Utilities\StratmanMedia.Utilities.csproj", "{F8654704-D86C-4597-9B73-F07DFE36308A}"
EndProject
Project("{FAE04EC0-301F-11D3-BF4B-00C04F79EFBC}") = "StratmanMedia.Utilities.Tests", "StratmanMedia.Utilities.Tests\StratmanMedia.Utilities.Tests.csproj", "{8882D4C2-7B05-441B-9FAA-F676940B1E90}"
EndProject
Global
	GlobalSection(SolutionConfigurationPlatforms) = preSolution
		Debug|Any CPU = Debug|Any CPU
		Release|Any CPU = Release|Any CPU
	EndGlobalSection
	GlobalSection(ProjectConfigurationPlatforms) = postSolution
		{DA3C1E1A-2B9F-48F4-97D5-2B8F648F1203}.Debug|Any CPU.ActiveCfg = Debug|Any CPU
		{DA3C1E1A-2B9F-48F4-97D5-2B8F648F1203}.Debug|Any CPU.Build.0 = Debug|Any CPU
		{DA3C1E1A-2B9F-48F4-97D5-2B8F648F1203}.Release|Any CPU.ActiveCfg = Release|Any CPU
		{DA3C1E1A-2B9F-48F4-97D5-2B8F648F1203}.Release|Any CPU.Build.0 = Release|Any CPU
		{D33EBAD3-06A7-4B7E-B58A-B92170D3E7D0}.Debug|Any CPU.ActiveCfg = Debug|Any CPU
		{D33EBAD3-06A7-4B7E-B58A-B92170D3E7D0}.Debug|Any CPU.Build.0 = Debug|Any CPU
		{D33EBAD3-06A7-4B7E-B58A-B92170D3E7D0}.Release|Any CPU.ActiveCfg = Release|Any CPU
		{D33EBAD3-06A7-4B7E-B58A-B92170D3E7D0}.Release|Any CPU.Build.0 = Release|Any CPU
		{62A81DAE-EC82-4658-A0DE-2B28A868D94D}.Debug|Any CPU.ActiveCfg = Debug|Any CPU
		{62A81DAE-EC82-4658-A0DE-2B28A868D94D}.Debug|Any CPU.Build.0 = Debug|Any CPU
		{62A81DAE-EC82-4658-A0DE-2B28A868D94D}.Release|Any CPU.ActiveCfg = Release|Any CPU
		{62A81DAE-EC82-4658-A0DE-2B28A868D94D}.Release|Any CPU.Build.0 = Release|Any CPU
		{7A85C1E6-CACC-4328-A14A-DB41A967931D}.Debug|Any CPU.ActiveCfg = Debug|Any CPU
		{7A85C1E6-CACC-4328-A14A-DB41A967931D}.Debug|Any CPU.Build.0 = Debug|Any CPU
		{7A85C1E6-CACC-4328-A14A-DB41A967931D}.Release|Any CPU.ActiveCfg = Release|Any CPU
		{7A85C1E6-CACC-4328-A14A-DB41A967931D}.Release|Any CPU.Build.0 = Release|Any CPU
		{F8654704-D86C-4597-9B73-F07DFE36308A}.Debug|Any CPU.ActiveCfg = Debug|Any CPU
		{F8654704-D86C-4597-9B73-F07DFE36308A}.Debug|Any CPU.Build.0 = Debug|Any CPU
		{F8654704-D86C-4597-9B73-F07DFE36308A}.Release|Any CPU.ActiveCfg = Release|Any CPU
		{F8654704-D86C-4597-9B73-F07DFE36308A}.Release|Any CPU.Build.0 = Release|Any CPU
		{8882D4C2-7B05-441B-9FAA-F676940B1E90}.Debug|Any CPU.ActiveCfg = Debug|Any CPU
		{8882D4C2-7B05-441B-9FAA-F676940B1E90}.Debug|Any CPU.Build.0 = Debug|Any CPU
		{8882D4C2-7B05-441B-9FAA-F676940B1E90}.Release|Any CPU.ActiveCfg = Release|Any CPU
		{8882D4C2-7B05-441B-9FAA-F676940B1E90}.Release|Any CPU.Build.0 = Release|Any CPU
	EndGlobalSection
	GlobalSection(SolutionProperties) = preSolution
		HideSolutionNode = FALSE
	EndGlobalSection
	GlobalSection(NestedProjects) = preSolution
		{DA3C1E1A-2B9F-48F4-97D5-2B8F648F1203} = {D9FCAEFD-37CF-4F55-8813-C6A77F5A296E}
		{D33EBAD3-06A7-4B7E-B58A-B92170D3E7D0} = {EE709442-E77A-4C84-8CBA-522E04BECE53}
		{62A81DAE-EC82-4658-A0DE-2B28A868D94D} = {208556C5-9AEF-462F-BDD6-ABB8228CB6CF}
		{7A85C1E6-CACC-4328-A14A-DB41A967931D} = {83561D53-FAA7-4DA0-B602-4F821474C019}
		{F8654704-D86C-4597-9B73-F07DFE36308A} = {5BC3FB45-04D6-4F7B-A488-543F1000021B}
		{8882D4C2-7B05-441B-9FAA-F676940B1E90} = {5BC3FB45-04D6-4F7B-A488-543F1000021B}
	EndGlobalSection
	GlobalSection(ExtensibilityGlobals) = postSolution
		SolutionGuid = {C4689E03-FEA3-4F55-BC7C-6093C393E316}
	EndGlobalSection
EndGlobal
